
Microsoft Visual Studio Solution File, Format Version 12.00
# Visual Studio Version 18
VisualStudioVersion = 18.6.11822.322 stable
MinimumVisualStudioVersion = 10.0.40219.1
Project("{FAE04EC0-301F-11D3-BF4B-00C04F79EFBC}") = "Infrastructure", "src\Infrastructure\Infrastructure.csproj", "{14F8CE11-FAF0-45E1-9643-6E85F05B8066}"
EndProject
Project("{FAE04EC0-301F-11D3-BF4B-00C04F79EFBC}") = "Application", "src\Application\Application.csproj", "{1C4F21C6-6784-4E41-9B72-CE318F031657}"
EndProject
Project("{FAE04EC0-301F-11D3-BF4B-00C04F79EFBC}") = "Web", "src\Web\Web.csproj", "{4E33B930-15EF-44DD-86A4-D6AA66A3E2E2}"
EndProject
Project("{FAE04EC0-301F-11D3-BF4B-00C04F79EFBC}") = "Domain", "src\Domain\Domain.csproj", "{793F36F2-144D-4943-B436-5FB32A8D26BF}"
EndProject
Global
	GlobalSection(SolutionConfigurationPlatforms) = preSolution
		Debug|Any CPU = Debug|Any CPU
		Debug|x64 = Debug|x64
		Debug|x86 = Debug|x86
		Release|Any CPU = Release|Any CPU
		Release|x64 = Release|x64
		Release|x86 = Release|x86
	EndGlobalSection
	GlobalSection(ProjectConfigurationPlatforms) = postSolution
		{14F8CE11-FAF0-45E1-9643-6E85F05B8066}.Debug|Any CPU.ActiveCfg = Debug|Any CPU
		{14F8CE11-FAF0-45E1-9643-6E85F05B8066}.Debug|Any CPU.Build.0 = Debug|Any CPU
		{14F8CE11-FAF0-45E1-9643-6E85F05B8066}.Debug|x64.ActiveCfg = Debug|Any CPU
		{14F8CE11-FAF0-45E1-9643-6E85F05B8066}.Debug|x64.Build.0 = Debug|Any CPU
		{14F8CE11-FAF0-45E1-9643-6E85F05B8066}.Debug|x86.ActiveCfg = Debug|Any CPU
		{14F8CE11-FAF0-45E1-9643-6E85F05B8066}.Debug|x86.Build.0 = Debug|Any CPU
		{14F8CE11-FAF0-45E1-9643-6E85F05B8066}.Release|Any CPU.ActiveCfg = Release|Any CPU
		{14F8CE11-FAF0-45E1-9643-6E85F05B8066}.Release|Any CPU.Build.0 = Release|Any CPU
		{14F8CE11-FAF0-45E1-9643-6E85F05B8066}.Release|x64.ActiveCfg = Release|Any CPU
		{14F8CE11-FAF0-45E1-9643-6E85F05B8066}.Release|x64.Build.0 = Release|Any CPU
		{14F8CE11-FAF0-45E1-9643-6E85F05B8066}.Release|x86.ActiveCfg = Release|Any CPU
		{14F8CE11-FAF0-45E1-9643-6E85F05B8066}.Release|x86.Build.0 = Release|Any CPU
		{1C4F21C6-6784-4E41-9B72-CE318F031657}.Debug|Any CPU.ActiveCfg = Debug|Any CPU
		{1C4F21C6-6784-4E41-9B72-CE318F031657}.Debug|Any CPU.Build.0 = Debug|Any CPU
		{1C4F21C6-6784-4E41-9B72-CE318F031657}.Debug|x64.ActiveCfg = Debug|Any CPU
		{1C4F21C6-6784-4E41-9B72-CE318F031657}.Debug|x64.Build.0 = Debug|Any CPU
		{1C4F21C6-6784-4E41-9B72-CE318F031657}.Debug|x86.ActiveCfg = Debug|Any CPU
		{1C4F21C6-6784-4E41-9B72-CE318F031657}.Debug|x86.Build.0 = Debug|Any CPU
		{1C4F21C6-6784-4E41-9B72-CE318F031657}.Release|Any CPU.ActiveCfg = Release|Any CPU
		{1C4F21C6-6784-4E41-9B72-CE318F031657}.Release|Any CPU.Build.0 = Release|Any CPU
		{1C4F21C6-6784-4E41-9B72-CE318F031657}.Release|x64.ActiveCfg = Release|Any CPU
		{1C4F21C6-6784-4E41-9B72-CE318F031657}.Release|x64.Build.0 = Release|Any CPU
		{1C4F21C6-6784-4E41-9B72-CE318F031657}.Release|x86.ActiveCfg = Release|Any CPU
		{1C4F21C6-6784-4E41-9B72-CE318F031657}.Release|x86.Build.0 = Release|Any CPU
		{4E33B930-15EF-44DD-86A4-D6AA66A3E2E2}.Debug|Any CPU.ActiveCfg = Debug|Any CPU
		{4E33B930-15EF-44DD-86A4-D6AA66A3E2E2}.Debug|Any CPU.Build.0 = Debug|Any CPU
		{4E33B930-15EF-44DD-86A4-D6AA66A3E2E2}.Debug|x64.ActiveCfg = Debug|Any CPU
		{4E33B930-15EF-44DD-86A4-D6AA66A3E2E2}.Debug|x64.Build.0 = Debug|Any CPU
		{4E33B930-15EF-44DD-86A4-D6AA66A3E2E2}.Debug|x86.ActiveCfg = Debug|Any CPU
		{4E33B930-15EF-44DD-86A4-D6AA66A3E2E2}.Debug|x86.Build.0 = Debug|Any CPU
		{4E33B930-15EF-44DD-86A4-D6AA66A3E2E2}.Release|Any CPU.ActiveCfg = Release|Any CPU
		{4E33B930-15EF-44DD-86A4-D6AA66A3E2E2}.Release|Any CPU.Build.0 = Release|Any CPU
		{4E33B930-15EF-44DD-86A4-D6AA66A3E2E2}.Release|x64.ActiveCfg = Release|Any CPU
		{4E33B930-15EF-44DD-86A4-D6AA66A3E2E2}.Release|x64.Build.0 = Release|Any CPU
		{4E33B930-15EF-44DD-86A4-D6AA66A3E2E2}.Release|x86.ActiveCfg = Release|Any CPU
		{4E33B930-15EF-44DD-86A4-D6AA66A3E2E2}.Release|x86.Build.0 = Release|Any CPU
		{793F36F2-144D-4943-B436-5FB32A8D26BF}.Debug|Any CPU.ActiveCfg = Debug|Any CPU
		{793F36F2-144D-4943-B436-5FB32A8D26BF}.Debug|Any CPU.Build.0 = Debug|Any CPU
		{793F36F2-144D-4943-B436-5FB32A8D26BF}.Debug|x64.ActiveCfg = Debug|Any CPU
		{793F36F2-144D-4943-B436-5FB32A8D26BF}.Debug|x64.Build.0 = Debug|Any CPU
		{793F36F2-144D-4943-B436-5FB32A8D26BF}.Debug|x86.ActiveCfg = Debug|Any CPU
		{793F36F2-144D-4943-B436-5FB32A8D26BF}.Debug|x86.Build.0 = Debug|Any CPU
		{793F36F2-144D-4943-B436-5FB32A8D26BF}.Release|Any CPU.ActiveCfg = Release|Any CPU
		{793F36F2-144D-4943-B436-5FB32A8D26BF}.Release|Any CPU.Build.0 = Release|Any CPU
		{793F36F2-144D-4943-B436-5FB32A8D26BF}.Release|x64.ActiveCfg = Release|Any CPU
		{793F36F2-144D-4943-B436-5FB32A8D26BF}.Release|x64.Build.0 = Release|Any CPU
		{793F36F2-144D-4943-B436-5FB32A8D26BF}.Release|x86.ActiveCfg = Release|Any CPU
		{793F36F2-144D-4943-B436-5FB32A8D26BF}.Release|x86.Build.0 = Release|Any CPU
	EndGlobalSection
EndGlobal
